lockfileVersion: '9.0'

settings:
  autoInstallPeers: true
  excludeLinksFromLockfile: false

importers:

  .:
    devDependencies:
      '@types/node':
        specifier: ^24.6.0
        version: 24.12.0
      typescript:
        specifier: ^5.9.3
        version: 5.9.3

  apps/lume-hub-backend:
    dependencies:
      '@lume-hub/kernel':
        specifier: workspace:*
        version: link:../../packages/foundation/kernel

  apps/lume-hub-host:
    dependencies:
      '@lume-hub/host-lifecycle':
        specifier: workspace:*
        version: link:../../packages/modules/host-lifecycle
      '@lume-hub/system-power':
        specifier: workspace:*
        version: link:../../packages/modules/system-power

  apps/lume-hub-web:
    dependencies:
      '@lume-hub/dashboard':
        specifier: workspace:*
        version: link:../../packages/ui-modules/dashboard
      '@lume-hub/settings-center':
        specifier: workspace:*
        version: link:../../packages/ui-modules/settings-center

  packages/adapters/frontend-api-client: {}

  packages/adapters/http-fastify: {}

  packages/adapters/llm-codex-oauth: {}

  packages/adapters/llm-openai-compat: {}

  packages/adapters/persistence-group-files:
    dependencies:
      zod:
        specifier: ^4.1.12
        version: 4.3.6

  packages/adapters/whatsapp-baileys: {}

  packages/adapters/ws-fastify: {}

  packages/foundation/clock: {}

  packages/foundation/config:
    dependencies:
      zod:
        specifier: ^4.1.12
        version: 4.3.6

  packages/foundation/contracts: {}

  packages/foundation/errors: {}

  packages/foundation/events: {}

  packages/foundation/identity: {}

  packages/foundation/kernel:
    dependencies:
      '@lume-hub/contracts':
        specifier: workspace:*
        version: link:../contracts

  packages/foundation/logging:
    dependencies:
      pino:
        specifier: ^9.13.1
        version: 9.14.0

  packages/foundation/test-kit:
    dependencies:
      '@lume-hub/contracts':
        specifier: workspace:*
        version: link:../contracts
      '@lume-hub/kernel':
        specifier: workspace:*
        version: link:../kernel

  packages/modules/admin-config:
    dependencies:
      '@lume-hub/kernel':
        specifier: workspace:*
        version: link:../../foundation/kernel

  packages/modules/agent-runtime:
    dependencies:
      '@lume-hub/kernel':
        specifier: workspace:*
        version: link:../../foundation/kernel

  packages/modules/alerts:
    dependencies:
      '@lume-hub/kernel':
        specifier: workspace:*
        version: link:../../foundation/kernel

  packages/modules/assistant-context:
    dependencies:
      '@lume-hub/kernel':
        specifier: workspace:*
        version: link:../../foundation/kernel

  packages/modules/audience-routing:
    dependencies:
      '@lume-hub/discipline-catalog':
        specifier: workspace:*
        version: link:../discipline-catalog
      '@lume-hub/group-directory':
        specifier: workspace:*
        version: link:../group-directory
      '@lume-hub/kernel':
        specifier: workspace:*
        version: link:../../foundation/kernel
      '@lume-hub/people-memory':
        specifier: workspace:*
        version: link:../people-memory
      '@lume-hub/persistence-group-files':
        specifier: workspace:*
        version: link:../../adapters/persistence-group-files

  packages/modules/automations:
    dependencies:
      '@lume-hub/kernel':
        specifier: workspace:*
        version: link:../../foundation/kernel

  packages/modules/codex-auth-router:
    dependencies:
      '@lume-hub/kernel':
        specifier: workspace:*
        version: link:../../foundation/kernel

  packages/modules/command-policy:
    dependencies:
      '@lume-hub/kernel':
        specifier: workspace:*
        version: link:../../foundation/kernel

  packages/modules/conversation:
    dependencies:
      '@lume-hub/kernel':
        specifier: workspace:*
        version: link:../../foundation/kernel

  packages/modules/delivery-tracker:
    dependencies:
      '@lume-hub/clock':
        specifier: workspace:*
        version: link:../../foundation/clock
      '@lume-hub/kernel':
        specifier: workspace:*
        version: link:../../foundation/kernel
      '@lume-hub/notification-jobs':
        specifier: workspace:*
        version: link:../notification-jobs
      '@lume-hub/persistence-group-files':
        specifier: workspace:*
        version: link:../../adapters/persistence-group-files
      '@lume-hub/schedule-events':
        specifier: workspace:*
        version: link:../schedule-events
      '@lume-hub/schedule-weeks':
        specifier: workspace:*
        version: link:../schedule-weeks

  packages/modules/discipline-catalog:
    dependencies:
      '@lume-hub/kernel':
        specifier: workspace:*
        version: link:../../foundation/kernel

  packages/modules/group-directory:
    dependencies:
      '@lume-hub/kernel':
        specifier: workspace:*
        version: link:../../foundation/kernel
      '@lume-hub/persistence-group-files':
        specifier: workspace:*
        version: link:../../adapters/persistence-group-files

  packages/modules/health-monitor:
    dependencies:
      '@lume-hub/contracts':
        specifier: workspace:*
        version: link:../../foundation/contracts
      '@lume-hub/kernel':
        specifier: workspace:*
        version: link:../../foundation/kernel
      '@lume-hub/notification-jobs':
        specifier: workspace:*
        version: link:../notification-jobs
      '@lume-hub/persistence-group-files':
        specifier: workspace:*
        version: link:../../adapters/persistence-group-files
      '@lume-hub/schedule-events':
        specifier: workspace:*
        version: link:../schedule-events
      '@lume-hub/schedule-weeks':
        specifier: workspace:*
        version: link:../schedule-weeks
      '@lume-hub/watchdog':
        specifier: workspace:*
        version: link:../watchdog

  packages/modules/host-lifecycle:
    dependencies:
      '@lume-hub/clock':
        specifier: workspace:*
        version: link:../../foundation/clock
      '@lume-hub/kernel':
        specifier: workspace:*
        version: link:../../foundation/kernel

  packages/modules/instruction-queue:
    dependencies:
      '@lume-hub/kernel':
        specifier: workspace:*
        version: link:../../foundation/kernel

  packages/modules/intent-classifier:
    dependencies:
      '@lume-hub/kernel':
        specifier: workspace:*
        version: link:../../foundation/kernel

  packages/modules/llm-orchestrator:
    dependencies:
      '@lume-hub/kernel':
        specifier: workspace:*
        version: link:../../foundation/kernel

  packages/modules/notification-jobs:
    dependencies:
      '@lume-hub/clock':
        specifier: workspace:*
        version: link:../../foundation/clock
      '@lume-hub/kernel':
        specifier: workspace:*
        version: link:../../foundation/kernel
      '@lume-hub/notification-rules':
        specifier: workspace:*
        version: link:../notification-rules
      '@lume-hub/persistence-group-files':
        specifier: workspace:*
        version: link:../../adapters/persistence-group-files
      '@lume-hub/schedule-events':
        specifier: workspace:*
        version: link:../schedule-events
      '@lume-hub/schedule-weeks':
        specifier: workspace:*
        version: link:../schedule-weeks

  packages/modules/notification-rules:
    dependencies:
      '@lume-hub/kernel':
        specifier: workspace:*
        version: link:../../foundation/kernel
      '@lume-hub/persistence-group-files':
        specifier: workspace:*
        version: link:../../adapters/persistence-group-files
      '@lume-hub/schedule-events':
        specifier: workspace:*
        version: link:../schedule-events
      '@lume-hub/schedule-weeks':
        specifier: workspace:*
        version: link:../schedule-weeks

  packages/modules/owner-control:
    dependencies:
      '@lume-hub/kernel':
        specifier: workspace:*
        version: link:../../foundation/kernel

  packages/modules/people-memory:
    dependencies:
      '@lume-hub/kernel':
        specifier: workspace:*
        version: link:../../foundation/kernel
      '@lume-hub/persistence-group-files':
        specifier: workspace:*
        version: link:../../adapters/persistence-group-files

  packages/modules/schedule-dispatcher:
    dependencies:
      '@lume-hub/clock':
        specifier: workspace:*
        version: link:../../foundation/clock
      '@lume-hub/delivery-tracker':
        specifier: workspace:*
        version: link:../delivery-tracker
      '@lume-hub/kernel':
        specifier: workspace:*
        version: link:../../foundation/kernel
      '@lume-hub/notification-jobs':
        specifier: workspace:*
        version: link:../notification-jobs
      '@lume-hub/persistence-group-files':
        specifier: workspace:*
        version: link:../../adapters/persistence-group-files
      '@lume-hub/schedule-events':
        specifier: workspace:*
        version: link:../schedule-events
      '@lume-hub/schedule-weeks':
        specifier: workspace:*
        version: link:../schedule-weeks
      '@lume-hub/whatsapp-baileys':
        specifier: workspace:*
        version: link:../../adapters/whatsapp-baileys

  packages/modules/schedule-events:
    dependencies:
      '@lume-hub/kernel':
        specifier: workspace:*
        version: link:../../foundation/kernel
      '@lume-hub/persistence-group-files':
        specifier: workspace:*
        version: link:../../adapters/persistence-group-files
      '@lume-hub/schedule-weeks':
        specifier: workspace:*
        version: link:../schedule-weeks

  packages/modules/schedule-weeks:
    dependencies:
      '@lume-hub/clock':
        specifier: workspace:*
        version: link:../../foundation/clock
      '@lume-hub/contracts':
        specifier: workspace:*
        version: link:../../foundation/contracts
      '@lume-hub/kernel':
        specifier: workspace:*
        version: link:../../foundation/kernel
      '@lume-hub/persistence-group-files':
        specifier: workspace:*
        version: link:../../adapters/persistence-group-files

  packages/modules/system-power:
    dependencies:
      '@lume-hub/clock':
        specifier: workspace:*
        version: link:../../foundation/clock
      '@lume-hub/kernel':
        specifier: workspace:*
        version: link:../../foundation/kernel

  packages/modules/watchdog:
    dependencies:
      '@lume-hub/clock':
        specifier: workspace:*
        version: link:../../foundation/clock
      '@lume-hub/kernel':
        specifier: workspace:*
        version: link:../../foundation/kernel
      '@lume-hub/notification-jobs':
        specifier: workspace:*
        version: link:../notification-jobs
      '@lume-hub/persistence-group-files':
        specifier: workspace:*
        version: link:../../adapters/persistence-group-files
      '@lume-hub/schedule-events':
        specifier: workspace:*
        version: link:../schedule-events
      '@lume-hub/schedule-weeks':
        specifier: workspace:*
        version: link:../schedule-weeks

  packages/modules/weekly-planner:
    dependencies:
      '@lume-hub/kernel':
        specifier: workspace:*
        version: link:../../foundation/kernel

  packages/ui-modules/assistant-console: {}

  packages/ui-modules/dashboard: {}

  packages/ui-modules/delivery-monitor: {}

  packages/ui-modules/group-directory-console: {}

  packages/ui-modules/queue-console: {}

  packages/ui-modules/settings-center: {}

  packages/ui-modules/shared-ui: {}

  packages/ui-modules/watchdog-inbox: {}

  packages/ui-modules/week-planner: {}

packages:

  '@pinojs/redact@0.4.0':
    resolution: {integrity: sha512-k2ENnmBugE/rzQfEcdWHcCY+/FM3VLzH9cYEsbdsoqrvzAKRhUZeRNhAZvB8OitQJ1TBed3yqWtdjzS6wJKBwg==}

  '@types/node@24.12.0':
    resolution: {integrity: sha512-GYDxsZi3ChgmckRT9HPU0WEhKLP08ev/Yfcq2AstjrDASOYCSXeyjDsHg4v5t4jOj7cyDX3vmprafKlWIG9MXQ==}

  atomic-sleep@1.0.0:
    resolution: {integrity: sha512-kNOjDqAh7px0XWNI+4QbzoiR/nTkHAWNud2uvnJquD1/x5a7EQZMJT0AczqK0Qn67oY/TTQ1LbUKajZpp3I9tQ==}
    engines: {node: '>=8.0.0'}

  on-exit-leak-free@2.1.2:
    resolution: {integrity: sha512-0eJJY6hXLGf1udHwfNftBqH+g73EU4B504nZeKpz1sYRKafAghwxEJunB2O7rDZkL4PGfsMVnTXZ2EjibbqcsA==}
    engines: {node: '>=14.0.0'}

  pino-abstract-transport@2.0.0:
    resolution: {integrity: sha512-F63x5tizV6WCh4R6RHyi2Ml+M70DNRXt/+HANowMflpgGFMAym/VKm6G7ZOQRjqN7XbGxK1Lg9t6ZrtzOaivMw==}

  pino-std-serializers@7.1.0:
    resolution: {integrity: sha512-BndPH67/JxGExRgiX1dX0w1FvZck5Wa4aal9198SrRhZjH3GxKQUKIBnYJTdj2HDN3UQAS06HlfcSbQj2OHmaw==}

  pino@9.14.0:
    resolution: {integrity: sha512-8OEwKp5juEvb/MjpIc4hjqfgCNysrS94RIOMXYvpYCdm/jglrKEiAYmiumbmGhCvs+IcInsphYDFwqrjr7398w==}
    hasBin: true

  process-warning@5.0.0:
    resolution: {integrity: sha512-a39t9ApHNx2L4+HBnQKqxxHNs1r7KF+Intd8Q/g1bUh6q0WIp9voPXJ/x0j+ZL45KF1pJd9+q2jLIRMfvEshkA==}

  quick-format-unescaped@4.0.4:
    resolution: {integrity: sha512-tYC1Q1hgyRuHgloV/YXs2w15unPVh8qfu/qCTfhTYamaw7fyhumKa2yGpdSo87vY32rIclj+4fWYQXUMs9EHvg==}

  real-require@0.2.0:
    resolution: {integrity: sha512-57frrGM/OCTLqLOAh0mhVA9VBMHd+9U7Zb2THMGdBUoZVOtGbJzjxsYGDJ3A9AYYCP4hn6y1TVbaOfzWtm5GFg==}
    engines: {node: '>= 12.13.0'}

  safe-stable-stringify@2.5.0:
    resolution: {integrity: sha512-b3rppTKm9T+PsVCBEOUR46GWI7fdOs00VKZ1+9c1EWDaDMvjQc6tUwuFyIprgGgTcWoVHSKrU8H31ZHA2e0RHA==}
    engines: {node: '>=10'}

  sonic-boom@4.2.1:
    resolution: {integrity: sha512-w6AxtubXa2wTXAUsZMMWERrsIRAdrK0Sc+FUytWvYAhBJLyuI4llrMIC1DtlNSdI99EI86KZum2MMq3EAZlF9Q==}

  split2@4.2.0:
    resolution: {integrity: sha512-UcjcJOWknrNkF6PLX83qcHM6KHgVKNkV62Y8a5uYDVv9ydGQVwAHMKqHdJje1VTWpljG0WYpCDhrCdAOYH4TWg==}
    engines: {node: '>= 10.x'}

  thread-stream@3.1.0:
    resolution: {integrity: sha512-OqyPZ9u96VohAyMfJykzmivOrY2wfMSf3C5TtFJVgN+Hm6aj+voFhlK+kZEIv2FBh1X6Xp3DlnCOfEQ3B2J86A==}

  typescript@5.9.3:
    resolution: {integrity: sha512-jl1vZzPDinLr9eUt3J/t7V6FgNEw9QjvBPdysz9KfQDD41fQrC2Y4vKQdiaUpFT4bXlb1RHhLpp8wtm6M5TgSw==}
    engines: {node: '>=14.17'}
    hasBin: true

  undici-types@7.16.0:
    resolution: {integrity: sha512-Zz+aZWSj8LE6zoxD+xrjh4VfkIG8Ya6LvYkZqtUQGJPZjYl53ypCaUwWqo7eI0x66KBGeRo+mlBEkMSeSZ38Nw==}

  zod@4.3.6:
    resolution: {integrity: sha512-rftlrkhHZOcjDwkGlnUtZZkvaPHCsDATp4pGpuOOMDaTdDDXF91wuVDJoWoPsKX/3YPQ5fHuF3STjcYyKr+Qhg==}

snapshots:

  '@pinojs/redact@0.4.0': {}

  '@types/node@24.12.0':
    dependencies:
      undici-types: 7.16.0

  atomic-sleep@1.0.0: {}

  on-exit-leak-free@2.1.2: {}

  pino-abstract-transport@2.0.0:
    dependencies:
      split2: 4.2.0

  pino-std-serializers@7.1.0: {}

  pino@9.14.0:
    dependencies:
      '@pinojs/redact': 0.4.0
      atomic-sleep: 1.0.0
      on-exit-leak-free: 2.1.2
      pino-abstract-transport: 2.0.0
      pino-std-serializers: 7.1.0
      process-warning: 5.0.0
      quick-format-unescaped: 4.0.4
      real-require: 0.2.0
      safe-stable-stringify: 2.5.0
      sonic-boom: 4.2.1
      thread-stream: 3.1.0

  process-warning@5.0.0: {}

  quick-format-unescaped@4.0.4: {}

  real-require@0.2.0: {}

  safe-stable-stringify@2.5.0: {}

  sonic-boom@4.2.1:
    dependencies:
      atomic-sleep: 1.0.0

  split2@4.2.0: {}

  thread-stream@3.1.0:
    dependencies:
      real-require: 0.2.0

  typescript@5.9.3: {}

  undici-types@7.16.0: {}

  zod@4.3.6: {}
