lockfileVersion: '9.0'

settings:
  autoInstallPeers: true
  excludeLinksFromLockfile: false

importers:

  .:
    devDependencies:
      '@types/node':
        specifier: ^24.6.0
        version: 24.12.0
      typescript:
        specifier: ^5.9.3
        version: 5.9.3

  apps/lume-hub-backend:
    dependencies:
      '@lume-hub/kernel':
        specifier: workspace:*
        version: link:../../packages/foundation/kernel

  apps/lume-hub-host:
    dependencies:
      '@lume-hub/host-lifecycle':
        specifier: workspace:*
        version: link:../../packages/modules/host-lifecycle
      '@lume-hub/system-power':
        specifier: workspace:*
        version: link:../../packages/modules/system-power

  apps/lume-hub-web:
    dependencies:
      '@lume-hub/dashboard':
        specifier: workspace:*
        version: link:../../packages/ui-modules/dashboard
      '@lume-hub/settings-center':
        specifier: workspace:*
        version: link:../../packages/ui-modules/settings-center

  packages/adapters/frontend-api-client: {}

  packages/adapters/http-fastify: {}

  packages/adapters/llm-codex-oauth: {}

  packages/adapters/llm-openai-compat: {}

  packages/adapters/persistence-group-files: {}

  packages/adapters/whatsapp-baileys: {}

  packages/adapters/ws-fastify: {}

  packages/foundation/clock: {}

  packages/foundation/config: {}

  packages/foundation/contracts: {}

  packages/foundation/errors: {}

  packages/foundation/events: {}

  packages/foundation/identity: {}

  packages/foundation/kernel:
    dependencies:
      '@lume-hub/contracts':
        specifier: workspace:*
        version: link:../contracts

  packages/foundation/logging: {}

  packages/foundation/test-kit:
    dependencies:
      '@lume-hub/contracts':
        specifier: workspace:*
        version: link:../contracts
      '@lume-hub/kernel':
        specifier: workspace:*
        version: link:../kernel

  packages/modules/admin-config:
    dependencies:
      '@lume-hub/kernel':
        specifier: workspace:*
        version: link:../../foundation/kernel

  packages/modules/agent-runtime:
    dependencies:
      '@lume-hub/kernel':
        specifier: workspace:*
        version: link:../../foundation/kernel

  packages/modules/alerts:
    dependencies:
      '@lume-hub/kernel':
        specifier: workspace:*
        version: link:../../foundation/kernel

  packages/modules/assistant-context:
    dependencies:
      '@lume-hub/kernel':
        specifier: workspace:*
        version: link:../../foundation/kernel

  packages/modules/automations:
    dependencies:
      '@lume-hub/kernel':
        specifier: workspace:*
        version: link:../../foundation/kernel

  packages/modules/codex-auth-router:
    dependencies:
      '@lume-hub/kernel':
        specifier: workspace:*
        version: link:../../foundation/kernel

  packages/modules/command-policy:
    dependencies:
      '@lume-hub/kernel':
        specifier: workspace:*
        version: link:../../foundation/kernel

  packages/modules/conversation:
    dependencies:
      '@lume-hub/kernel':
        specifier: workspace:*
        version: link:../../foundation/kernel

  packages/modules/delivery-tracker:
    dependencies:
      '@lume-hub/kernel':
        specifier: workspace:*
        version: link:../../foundation/kernel

  packages/modules/discipline-catalog:
    dependencies:
      '@lume-hub/kernel':
        specifier: workspace:*
        version: link:../../foundation/kernel

  packages/modules/group-directory:
    dependencies:
      '@lume-hub/kernel':
        specifier: workspace:*
        version: link:../../foundation/kernel

  packages/modules/health-monitor:
    dependencies:
      '@lume-hub/kernel':
        specifier: workspace:*
        version: link:../../foundation/kernel

  packages/modules/host-lifecycle:
    dependencies:
      '@lume-hub/kernel':
        specifier: workspace:*
        version: link:../../foundation/kernel

  packages/modules/instruction-queue:
    dependencies:
      '@lume-hub/kernel':
        specifier: workspace:*
        version: link:../../foundation/kernel

  packages/modules/intent-classifier:
    dependencies:
      '@lume-hub/kernel':
        specifier: workspace:*
        version: link:../../foundation/kernel

  packages/modules/llm-orchestrator:
    dependencies:
      '@lume-hub/kernel':
        specifier: workspace:*
        version: link:../../foundation/kernel

  packages/modules/notification-jobs:
    dependencies:
      '@lume-hub/kernel':
        specifier: workspace:*
        version: link:../../foundation/kernel

  packages/modules/notification-rules:
    dependencies:
      '@lume-hub/kernel':
        specifier: workspace:*
        version: link:../../foundation/kernel

  packages/modules/owner-control:
    dependencies:
      '@lume-hub/kernel':
        specifier: workspace:*
        version: link:../../foundation/kernel

  packages/modules/people-memory:
    dependencies:
      '@lume-hub/kernel':
        specifier: workspace:*
        version: link:../../foundation/kernel

  packages/modules/schedule-events:
    dependencies:
      '@lume-hub/kernel':
        specifier: workspace:*
        version: link:../../foundation/kernel

  packages/modules/schedule-weeks:
    dependencies:
      '@lume-hub/kernel':
        specifier: workspace:*
        version: link:../../foundation/kernel

  packages/modules/system-power:
    dependencies:
      '@lume-hub/kernel':
        specifier: workspace:*
        version: link:../../foundation/kernel

  packages/modules/watchdog:
    dependencies:
      '@lume-hub/kernel':
        specifier: workspace:*
        version: link:../../foundation/kernel

  packages/modules/weekly-planner:
    dependencies:
      '@lume-hub/kernel':
        specifier: workspace:*
        version: link:../../foundation/kernel

  packages/ui-modules/assistant-console: {}

  packages/ui-modules/dashboard: {}

  packages/ui-modules/delivery-monitor: {}

  packages/ui-modules/group-directory-console: {}

  packages/ui-modules/queue-console: {}

  packages/ui-modules/settings-center: {}

  packages/ui-modules/shared-ui: {}

  packages/ui-modules/watchdog-inbox: {}

  packages/ui-modules/week-planner: {}

packages:

  '@types/node@24.12.0':
    resolution: {integrity: sha512-GYDxsZi3ChgmckRT9HPU0WEhKLP08ev/Yfcq2AstjrDASOYCSXeyjDsHg4v5t4jOj7cyDX3vmprafKlWIG9MXQ==}

  typescript@5.9.3:
    resolution: {integrity: sha512-jl1vZzPDinLr9eUt3J/t7V6FgNEw9QjvBPdysz9KfQDD41fQrC2Y4vKQdiaUpFT4bXlb1RHhLpp8wtm6M5TgSw==}
    engines: {node: '>=14.17'}
    hasBin: true

  undici-types@7.16.0:
    resolution: {integrity: sha512-Zz+aZWSj8LE6zoxD+xrjh4VfkIG8Ya6LvYkZqtUQGJPZjYl53ypCaUwWqo7eI0x66KBGeRo+mlBEkMSeSZ38Nw==}

snapshots:

  '@types/node@24.12.0':
    dependencies:
      undici-types: 7.16.0

  typescript@5.9.3: {}

  undici-types@7.16.0: {}
